
Microsoft Visual Studio Solution File, Format Version 12.00
# Visual Studio Version 17
VisualStudioVersion = 17.1.32421.90
MinimumVisualStudioVersion = 10.0.40219.1
Project("{FAE04EC0-301F-11D3-BF4B-00C04F79EFBC}") = "SalaryCalculator", "SalaryCalculator.csproj", "{4001E471-3F93-409C-A718-6BEED16474B3}"
EndProject
Global
	GlobalSection(SolutionConfigurationPlatforms) = preSolution
		Debug|Any CPU = Debug|Any CPU
		Release|Any CPU = Release|Any CPU
	EndGlobalSection
	GlobalSection(ProjectConfigurationPlatforms) = postSolution
		{4001E471-3F93-409C-A718-6BEED16474B3}.Debug|Any CPU.ActiveCfg = Debug|Any CPU
		{4001E471-3F93-409C-A718-6BEED16474B3}.Debug|Any CPU.Build.0 = Debug|Any CPU
		{4001E471-3F93-409C-A718-6BEED16474B3}.Release|Any CPU.ActiveCfg = Release|Any CPU
		{4001E471-3F93-409C-A718-6BEED16474B3}.Release|Any CPU.Build.0 = Release|Any CPU
	EndGlobalSection
	GlobalSection(SolutionProperties) = preSolution
		HideSolutionNode = FALSE
	EndGlobalSection
	GlobalSection(ExtensibilityGlobals) = postSolution
		SolutionGuid = {64F5133D-4E87-43A3-98AB-5E3BF266B779}
	EndGlobalSection
EndGlobal
